
Microsoft Visual Studio Solution File, Format Version 11.00
# Visual Studio 2010
Project("{FAE04EC0-301F-11D3-BF4B-00C04F79EFBC}") = "churn-sharp", "churn-sharp\churn-sharp.csproj", "{24879F0D-4624-48BB-83B8-C4F1DAEB11BF}"
EndProject
Global
	GlobalSection(SolutionConfigurationPlatforms) = preSolution
		Debug|x86 = Debug|x86
		Release|x86 = Release|x86
	EndGlobalSection
	GlobalSection(ProjectConfigurationPlatforms) = postSolution
		{24879F0D-4624-48BB-83B8-C4F1DAEB11BF}.Debug|x86.ActiveCfg = Debug|x86
		{24879F0D-4624-48BB-83B8-C4F1DAEB11BF}.Debug|x86.Build.0 = Debug|x86
		{24879F0D-4624-48BB-83B8-C4F1DAEB11BF}.Release|x86.ActiveCfg = Release|x86
		{24879F0D-4624-48BB-83B8-C4F1DAEB11BF}.Release|x86.Build.0 = Release|x86
	EndGlobalSection
	GlobalSection(SolutionProperties) = preSolution
		HideSolutionNode = FALSE
	EndGlobalSection
EndGlobal
